<?xml version="1.0" encoding="utf-8"?>
<Project ToolsVersion="4.0" xmlns="http://schemas.microsoft.com/developer/msbuild/2003">
  <ItemGroup>
    <Filter Include="Source Files">
      <UniqueIdentifier>{4FC737F1-C7A5-4376-A066-2A32D752A2FF}</UniqueIdentifier>
      <Extensions>cpp;c;cc;cxx;def;odl;idl;hpj;bat;asm;asmx</Extensions>
    </Filter>
    <Filter Include="Header Files">
      <UniqueIdentifier>{93995380-89BD-4b04-88EB-625FBE52EBFB}</UniqueIdentifier>
      <Extensions>h;hh;hpp;hxx;hm;inl;inc;xsd</Extensions>
    </Filter>
    <Filter Include="Resource Files">
      <UniqueIdentifier>{67DA6AB6-F800-4c08-8B7A-83BB121AAD01}</UniqueIdentifier>
      <Extensions>rc;ico;cur;bmp;dlg;rc2;rct;bin;rgs;gif;jpg;jpeg;jpe;resx;tiff;tif;png;wav;mfcribbon-ms</Extensions>
    </Filter>
    <Filter Include="Resource Files\Models">
      <UniqueIdentifier>{a060cad0-9679-471d-b588-b2cae48896ba}</UniqueIdentifier>
    </Filter>
    <Filter Include="Resource Files\Textures">
      <UniqueIdentifier>{2a04738d-51a6-4da4-bb0b-8588e03a64a3}</UniqueIdentifier>
    </Filter>
    <Filter Include="Resource Files\Processing Effect Shaders">
      <UniqueIdentifier>{158350c2-98fd-41c0-9c8a-7b9af22f7e2e}</UniqueIdentifier>
    </Filter>
    <Filter Include="Resource Files\Entity Shaders">
      <UniqueIdentifier>{0a56b74e-219b-4059-bfc9-e9a70d8bf74b}</UniqueIdentifier>
    </Filter>
    <Filter Include="Resource Files\Lua Libraries">
      <UniqueIdentifier>{b901ee39-0b68-49f0-99ae-b3c21800f6c6}</UniqueIdentifier>
    </Filter>
    <Filter Include="Resource Files\Actor Scripts">
      <UniqueIdentifier>{a6cacabc-3d8c-474f-b5e7-5c6c1950892c}</UniqueIdentifier>
    </Filter>
    <Filter Include="Resource Files\Scenes">
      <UniqueIdentifier>{bf1cc2eb-ab14-40fa-a920-727a291c9557}</UniqueIdentifier>
    </Filter>
    <Filter Include="Resource Files\Old Actor Scripts">
      <UniqueIdentifier>{7b148793-1072-4f8a-abee-e63d83baceb8}</UniqueIdentifier>
    </Filter>
    <Filter Include="Nichijou Graph">
      <UniqueIdentifier>{6fe189f8-1091-4de7-a4c4-c72a6e0351b6}</UniqueIdentifier>
    </Filter>
    <Filter Include="Nichijou Graph\Header Files">
      <UniqueIdentifier>{8f36bcdc-be49-47b4-8c5e-b792bd02984b}</UniqueIdentifier>
    </Filter>
    <Filter Include="Nichijou Graph\Source Files">
      <UniqueIdentifier>{098780dd-1cb1-4cf7-890d-87fd6837b364}</UniqueIdentifier>
    </Filter>
    <Filter Include="Nichijou Graph\Textures">
      <UniqueIdentifier>{71a1ff0a-d8e4-46ee-a5bd-3c3fe21708f8}</UniqueIdentifier>
    </Filter>
    <Filter Include="Nichijou Graph\Python Files">
      <UniqueIdentifier>{677b2fb8-4e85-4a18-ba8c-db7630b2b275}</UniqueIdentifier>
    </Filter>
  </ItemGroup>
  <ItemGroup>
    <Text Include="ReadMe.txt" />
    <Text Include="quaternion.lua">
      <Filter>Resource Files\Lua Libraries</Filter>
    </Text>
    <Text Include="skybox_textured.hlsl">
      <Filter>Resource Files\Entity Shaders</Filter>
    </Text>
  </ItemGroup>
  <ItemGroup>
    <ClInclude Include="stdafx.h">
      <Filter>Header Files</Filter>
    </ClInclude>
    <ClInclude Include="targetver.h">
      <Filter>Header Files</Filter>
    </ClInclude>
    <ClInclude Include="LightDetails.h">
      <Filter>Header Files</Filter>
    </ClInclude>
    <ClInclude Include="Actor.h">
      <Filter>Header Files</Filter>
    </ClInclude>
    <ClInclude Include="LookInteractable.h">
      <Filter>Header Files</Filter>
    </ClInclude>
    <ClInclude Include="InteractableTriangle.h">
      <Filter>Header Files</Filter>
    </ClInclude>
    <ClInclude Include="InteractableQuad.h">
      <Filter>Header Files</Filter>
    </ClInclude>
    <ClInclude Include="InteractableCircle.h">
      <Filter>Header Files</Filter>
    </ClInclude>
    <ClInclude Include="Identifier.h">
      <Filter>Header Files</Filter>
    </ClInclude>
    <ClInclude Include="InteractableCollection.h">
      <Filter>Header Files</Filter>
    </ClInclude>
    <ClInclude Include="ActorHandler.h">
      <Filter>Header Files</Filter>
    </ClInclude>
    <ClInclude Include="InteractableSphere.h">
      <Filter>Header Files</Filter>
    </ClInclude>
    <ClInclude Include="InteractableFrustum.h">
      <Filter>Header Files</Filter>
    </ClInclude>
    <ClInclude Include="NichijouGraph.h">
      <Filter>Nichijou Graph\Header Files</Filter>
    </ClInclude>
  </ItemGroup>
  <ItemGroup>
    <ClCompile Include="stdafx.cpp">
      <Filter>Source Files</Filter>
    </ClCompile>
    <ClCompile Include="WandDemo.cpp">
      <Filter>Source Files</Filter>
    </ClCompile>
    <ClCompile Include="LightDetails.cpp">
      <Filter>Source Files</Filter>
    </ClCompile>
    <ClCompile Include="Actor.cpp">
      <Filter>Source Files</Filter>
    </ClCompile>
    <ClCompile Include="LookInteractable.cpp">
      <Filter>Source Files</Filter>
    </ClCompile>
    <ClCompile Include="InteractableTriangle.cpp">
      <Filter>Source Files</Filter>
    </ClCompile>
    <ClCompile Include="InteractableQuad.cpp">
      <Filter>Source Files</Filter>
    </ClCompile>
    <ClCompile Include="InteractableCircle.cpp">
      <Filter>Source Files</Filter>
    </ClCompile>
    <ClCompile Include="Identifier.cpp">
      <Filter>Source Files</Filter>
    </ClCompile>
    <ClCompile Include="InteractableCollection.cpp">
      <Filter>Source Files</Filter>
    </ClCompile>
    <ClCompile Include="ActorHandler.cpp">
      <Filter>Source Files</Filter>
    </ClCompile>
    <ClCompile Include="InteractableSphere.cpp">
      <Filter>Source Files</Filter>
    </ClCompile>
    <ClCompile Include="InteractableFrustum.cpp">
      <Filter>Source Files</Filter>
    </ClCompile>
    <ClCompile Include="NichijouGraph.cpp">
      <Filter>Nichijou Graph\Source Files</Filter>
    </ClCompile>
  </ItemGroup>
  <ItemGroup>
    <FxCompile Include="passthrough.hlsl">
      <Filter>Resource Files\Processing Effect Shaders</Filter>
    </FxCompile>
    <FxCompile Include="horizontal_conv.hlsl">
      <Filter>Resource Files\Processing Effect Shaders</Filter>
    </FxCompile>
    <FxCompile Include="vertical_conv.hlsl">
      <Filter>Resource Files\Processing Effect Shaders</Filter>
    </FxCompile>
    <FxCompile Include="texturedspecularlightsource.hlsl">
      <Filter>Resource Files\Entity Shaders</Filter>
    </FxCompile>
    <FxCompile Include="fluid.hlsl">
      <Filter>Resource Files\Entity Shaders</Filter>
    </FxCompile>
    <FxCompile Include="glass.hlsl">
      <Filter>Resource Files\Entity Shaders</Filter>
    </FxCompile>
    <FxCompile Include="normaldump.hlsl">
      <Filter>Resource Files\Entity Shaders</Filter>
    </FxCompile>
    <FxCompile Include="objshader.hlsl">
      <Filter>Resource Files\Entity Shaders</Filter>
    </FxCompile>
    <FxCompile Include="shaders.hlsl">
      <Filter>Resource Files\Entity Shaders</Filter>
    </FxCompile>
    <FxCompile Include="solidcolor.hlsl">
      <Filter>Resource Files\Entity Shaders</Filter>
    </FxCompile>
    <FxCompile Include="solidcolorforceblue.hlsl">
      <Filter>Resource Files\Entity Shaders</Filter>
    </FxCompile>
    <FxCompile Include="terrain.hlsl">
      <Filter>Resource Files\Entity Shaders</Filter>
    </FxCompile>
    <FxCompile Include="textured.hlsl">
      <Filter>Resource Files\Entity Shaders</Filter>
    </FxCompile>
    <FxCompile Include="texturednormaledshader.hlsl">
      <Filter>Resource Files\Entity Shaders</Filter>
    </FxCompile>
    <FxCompile Include="texturedspecular.hlsl">
      <Filter>Resource Files\Entity Shaders</Filter>
    </FxCompile>
    <FxCompile Include="textured_bloom.hlsl">
      <Filter>Resource Files\Entity Shaders</Filter>
    </FxCompile>
    <FxCompile Include="bloom_horiz.hlsl">
      <Filter>Resource Files\Processing Effect Shaders</Filter>
    </FxCompile>
    <FxCompile Include="bloom_vert.hlsl">
      <Filter>Resource Files\Processing Effect Shaders</Filter>
    </FxCompile>
    <FxCompile Include="alpha_to_rgb.hlsl">
      <Filter>Resource Files\Processing Effect Shaders</Filter>
    </FxCompile>
    <FxCompile Include="mult_by_alpha.hlsl">
      <Filter>Resource Files\Processing Effect Shaders</Filter>
    </FxCompile>
    <FxCompile Include="textured_alphanodepth.hlsl">
      <Filter>Resource Files\Entity Shaders</Filter>
    </FxCompile>
    <FxCompile Include="depth_to_white.hlsl">
      <Filter>Resource Files\Processing Effect Shaders</Filter>
    </FxCompile>
    <FxCompile Include="sprite_geo.hlsl">
      <Filter>Resource Files\Entity Shaders</Filter>
    </FxCompile>
    <FxCompile Include="sprite_textured.hlsl">
      <Filter>Resource Files\Entity Shaders</Filter>
    </FxCompile>
    <FxCompile Include="solidline.hlsl">
      <Filter>Resource Files\Entity Shaders</Filter>
    </FxCompile>
    <FxCompile Include="sprite_textured_circle.hlsl">
      <Filter>Resource Files\Entity Shaders</Filter>
    </FxCompile>
    <FxCompile Include="timeline.hlsl">
      <Filter>Resource Files\Entity Shaders</Filter>
    </FxCompile>
  </ItemGroup>
  <ItemGroup>
    <Object Include="glowy_console.obj">
      <Filter>Resource Files\Models</Filter>
    </Object>
    <Object Include="bottle.obj">
      <Filter>Resource Files\Models</Filter>
    </Object>
    <Object Include="cockpit_bars.obj">
      <Filter>Resource Files\Models</Filter>
    </Object>
    <Object Include="cone.obj">
      <Filter>Resource Files\Models</Filter>
    </Object>
    <Object Include="console.obj">
      <Filter>Resource Files\Models</Filter>
    </Object>
    <Object Include="laser.obj">
      <Filter>Resource Files\Models</Filter>
    </Object>
    <Object Include="projectile.obj">
      <Filter>Resource Files\Models</Filter>
    </Object>
    <Object Include="reticle.obj">
      <Filter>Resource Files\Models</Filter>
    </Object>
    <Object Include="tower_inside.obj">
      <Filter>Resource Files\Models</Filter>
    </Object>
    <Object Include="inversed_cube.obj">
      <Filter>Resource Files\Models</Filter>
    </Object>
    <Object Include="square.obj">
      <Filter>Resource Files\Models</Filter>
    </Object>
    <Object Include="sphere.obj">
      <Filter>Resource Files\Models</Filter>
    </Object>
  </ItemGroup>
  <ItemGroup>
    <Image Include="glowy_console.png">
      <Filter>Resource Files\Textures</Filter>
    </Image>
    <Image Include="terrain.png">
      <Filter>Resource Files\Textures</Filter>
    </Image>
    <Image Include="walls.png">
      <Filter>Resource Files\Textures</Filter>
    </Image>
    <Image Include="reticle.png">
      <Filter>Resource Files\Textures</Filter>
    </Image>
    <Image Include="metal_bars.png">
      <Filter>Resource Files\Textures</Filter>
    </Image>
    <Image Include="console.png">
      <Filter>Resource Files\Textures</Filter>
    </Image>
    <Image Include="cannon.png">
      <Filter>Resource Files\Textures</Filter>
    </Image>
    <Image Include="sky_cubemap.jpg">
      <Filter>Resource Files\Textures</Filter>
    </Image>
    <Image Include="nichijou_images\hakase.png">
      <Filter>Nichijou Graph\Textures</Filter>
    </Image>
    <Image Include="nichijou_images\mai.png">
      <Filter>Nichijou Graph\Textures</Filter>
    </Image>
    <Image Include="nichijou_images\mio.png">
      <Filter>Nichijou Graph\Textures</Filter>
    </Image>
    <Image Include="nichijou_images\misato.png">
      <Filter>Nichijou Graph\Textures</Filter>
    </Image>
    <Image Include="nichijou_images\nano.png">
      <Filter>Nichijou Graph\Textures</Filter>
    </Image>
    <Image Include="nichijou_images\yuuko.png">
      <Filter>Nichijou Graph\Textures</Filter>
    </Image>
  </ItemGroup>
  <ItemGroup>
    <None Include="LiquidContainer.lua">
      <Filter>Resource Files\Lua Libraries</Filter>
    </None>
    <None Include="lua_test.lua">
      <Filter>Resource Files\Lua Libraries</Filter>
    </None>
    <None Include="cockpit.lua">
      <Filter>Resource Files\Actor Scripts</Filter>
    </None>
    <None Include="terrain.lua">
      <Filter>Resource Files\Actor Scripts</Filter>
    </None>
    <None Include="laser.lua">
      <Filter>Resource Files\Actor Scripts</Filter>
    </None>
    <None Include="projectile.lua">
      <Filter>Resource Files\Actor Scripts</Filter>
    </None>
    <None Include="reticle.lua">
      <Filter>Resource Files\Actor Scripts</Filter>
    </None>
    <None Include="weapons.lua">
      <Filter>Resource Files\Actor Scripts</Filter>
    </None>
    <None Include="target.lua">
      <Filter>Resource Files\Actor Scripts</Filter>
    </None>
    <None Include="class.lua">
      <Filter>Resource Files\Lua Libraries</Filter>
    </None>
    <None Include="cpp_interface.lua">
      <Filter>Resource Files\Lua Libraries</Filter>
    </None>
    <None Include="owns_positionables.lua">
      <Filter>Resource Files\Lua Libraries</Filter>
    </None>
    <None Include="positionable.lua">
      <Filter>Resource Files\Lua Libraries</Filter>
    </None>
    <None Include="glowy_console.lua">
      <Filter>Resource Files\Actor Scripts</Filter>
    </None>
    <None Include="tower_scene.lua">
      <Filter>Resource Files\Scenes</Filter>
    </None>
    <None Include="cockpit_scene.lua">
      <Filter>Resource Files\Scenes</Filter>
    </None>
    <None Include="water_flow.lua">
      <Filter>Resource Files\Old Actor Scripts</Filter>
    </None>
    <None Include="wall.lua">
      <Filter>Resource Files\Old Actor Scripts</Filter>
    </None>
    <None Include="sun.lua">
      <Filter>Resource Files\Old Actor Scripts</Filter>
    </None>
    <None Include="funnel.lua">
      <Filter>Resource Files\Old Actor Scripts</Filter>
    </None>
    <None Include="console.lua">
      <Filter>Resource Files\Old Actor Scripts</Filter>
    </None>
    <None Include="cone.lua">
      <Filter>Resource Files\Old Actor Scripts</Filter>
    </None>
    <None Include="bottle.lua">
      <Filter>Resource Files\Old Actor Scripts</Filter>
    </None>
    <None Include="skybox.lua">
      <Filter>Resource Files\Actor Scripts</Filter>
    </None>
    <None Include="nichijou_graph.py">
      <Filter>Nichijou Graph\Python Files</Filter>
    </None>
    <None Include="first_load.py">
      <Filter>Nichijou Graph\Python Files</Filter>
    </None>
    <None Include="player.py">
      <Filter>Nichijou Graph\Python Files</Filter>
    </None>
    <None Include="mutable_graphical_object.py">
      <Filter>Nichijou Graph\Python Files</Filter>
    </None>
    <None Include="kinect_body_display.py">
      <Filter>Nichijou Graph\Python Files</Filter>
    </None>
  </ItemGroup>
</Project>