<?xml version="1.0" encoding="utf-8"?>
<Project ToolsVersion="4.0" xmlns="http://schemas.microsoft.com/developer/msbuild/2003">
  <ItemGroup>
    <Filter Include="Source Files">
      <UniqueIdentifier>{4FC737F1-C7A5-4376-A066-2A32D752A2FF}</UniqueIdentifier>
      <Extensions>cpp;c;cc;cxx;def;odl;idl;hpj;bat;asm;asmx</Extensions>
    </Filter>
    <Filter Include="Header Files">
      <UniqueIdentifier>{93995380-89BD-4b04-88EB-625FBE52EBFB}</UniqueIdentifier>
      <Extensions>h;hh;hpp;hxx;hm;inl;inc;xsd</Extensions>
    </Filter>
    <Filter Include="Resource Files">
      <UniqueIdentifier>{67DA6AB6-F800-4c08-8B7A-83BB121AAD01}</UniqueIdentifier>
      <Extensions>rc;ico;cur;bmp;dlg;rc2;rct;bin;rgs;gif;jpg;jpeg;jpe;resx;tiff;tif;png;wav;mfcribbon-ms</Extensions>
    </Filter>
    <Filter Include="Python Files">
      <UniqueIdentifier>{f99864e3-2a63-4c15-8fc7-44abdeaf6716}</UniqueIdentifier>
    </Filter>
  </ItemGroup>
  <ItemGroup>
    <ClCompile Include="PyActor.cpp">
      <Filter>Source Files</Filter>
    </ClCompile>
    <ClCompile Include="SceneSystemPython.cpp">
      <Filter>Source Files</Filter>
    </ClCompile>
    <ClCompile Include="BezierCurvesInterface.cpp">
      <Filter>Source Files</Filter>
    </ClCompile>
    <ClCompile Include="CollisionShapeInterface.cpp">
      <Filter>Source Files</Filter>
    </ClCompile>
    <ClCompile Include="EntitySpecificationInterface.cpp">
      <Filter>Source Files</Filter>
    </ClCompile>
    <ClCompile Include="GrabbableObjectHandlerInterface.cpp">
      <Filter>Source Files</Filter>
    </ClCompile>
    <ClCompile Include="GraphicsObjectInterface.cpp">
      <Filter>Source Files</Filter>
    </ClCompile>
    <ClCompile Include="GraphicsResourcesInterface.cpp">
      <Filter>Source Files</Filter>
    </ClCompile>
    <ClCompile Include="HeadsetInterface.cpp">
      <Filter>Source Files</Filter>
    </ClCompile>
    <ClCompile Include="IOInterfaceInterface.cpp">
      <Filter>Source Files</Filter>
    </ClCompile>
    <ClCompile Include="ModelCreationInterface.cpp">
      <Filter>Source Files</Filter>
    </ClCompile>
    <ClCompile Include="PoseInterface.cpp">
      <Filter>Source Files</Filter>
    </ClCompile>
    <ClCompile Include="StlInterface.cpp">
      <Filter>Source Files</Filter>
    </ClCompile>
    <ClCompile Include="PyScene.cpp">
      <Filter>Source Files</Filter>
    </ClCompile>
  </ItemGroup>
  <ItemGroup>
    <ClInclude Include="PyActor.h">
      <Filter>Header Files</Filter>
    </ClInclude>
    <ClInclude Include="PyScene.h">
      <Filter>Header Files</Filter>
    </ClInclude>
    <ClInclude Include="stdafx.h">
      <Filter>Header Files</Filter>
    </ClInclude>
    <ClInclude Include="StlHelper.h">
      <Filter>Header Files</Filter>
    </ClInclude>
    <ClInclude Include="PythonClassHelpers.h">
      <Filter>Header Files</Filter>
    </ClInclude>
    <ClInclude Include="StlInterface.h">
      <Filter>Header Files</Filter>
    </ClInclude>
    <ClInclude Include="EntitySpecificationInterface.h">
      <Filter>Header Files</Filter>
    </ClInclude>
    <ClInclude Include="GraphicsObjectInterface.h">
      <Filter>Header Files</Filter>
    </ClInclude>
    <ClInclude Include="HeadsetInterface.h">
      <Filter>Header Files</Filter>
    </ClInclude>
    <ClInclude Include="IOInterfaceInterface.h">
      <Filter>Header Files</Filter>
    </ClInclude>
    <ClInclude Include="GraphicsResourcesInterface.h">
      <Filter>Header Files</Filter>
    </ClInclude>
    <ClInclude Include="PoseInterface.h">
      <Filter>Header Files</Filter>
    </ClInclude>
    <ClInclude Include="ModelCreationInterface.h">
      <Filter>Header Files</Filter>
    </ClInclude>
    <ClInclude Include="GrabbableObjectHandlerInterface.h">
      <Filter>Header Files</Filter>
    </ClInclude>
    <ClInclude Include="BoostPointerMagic.h">
      <Filter>Header Files</Filter>
    </ClInclude>
    <ClInclude Include="CollisionShapeInterface.h">
      <Filter>Header Files</Filter>
    </ClInclude>
    <ClInclude Include="BezierCurvesInterface.h">
      <Filter>Header Files</Filter>
    </ClInclude>
    <ClInclude Include="PyQueryResult.h">
      <Filter>Header Files</Filter>
    </ClInclude>
  </ItemGroup>
  <ItemGroup>
    <Text Include="__init__.py">
      <Filter>Python Files</Filter>
    </Text>
    <Text Include="scene_system_internal.py">
      <Filter>Python Files</Filter>
    </Text>
    <Text Include="delegating_actor.py">
      <Filter>Python Files</Filter>
    </Text>
    <Text Include="actor.py">
      <Filter>Python Files</Filter>
    </Text>
  </ItemGroup>
  <ItemGroup>
    <None Include="registration.py">
      <Filter>Python Files</Filter>
    </None>
  </ItemGroup>
</Project>