<?xml version="1.0" encoding="utf-8"?>
<Project ToolsVersion="4.0" xmlns="http://schemas.microsoft.com/developer/msbuild/2003">
  <ItemGroup>
    <Filter Include="Source Files">
      <UniqueIdentifier>{4FC737F1-C7A5-4376-A066-2A32D752A2FF}</UniqueIdentifier>
      <Extensions>cpp;c;cc;cxx;def;odl;idl;hpj;bat;asm;asmx</Extensions>
    </Filter>
    <Filter Include="Header Files">
      <UniqueIdentifier>{93995380-89BD-4b04-88EB-625FBE52EBFB}</UniqueIdentifier>
      <Extensions>h;hh;hpp;hxx;hm;inl;inc;xsd</Extensions>
    </Filter>
    <Filter Include="Resource Files">
      <UniqueIdentifier>{67DA6AB6-F800-4c08-8B7A-83BB121AAD01}</UniqueIdentifier>
      <Extensions>rc;ico;cur;bmp;dlg;rc2;rct;bin;rgs;gif;jpg;jpeg;jpe;resx;tiff;tif;png;wav;mfcribbon-ms</Extensions>
    </Filter>
  </ItemGroup>
  <ItemGroup>
    <Text Include="ReadMe.txt" />
  </ItemGroup>
  <ItemGroup>
    <ClInclude Include="ViewState.h">
      <Filter>Header Files</Filter>
    </ClInclude>
    <ClInclude Include="Vertices.h">
      <Filter>Header Files</Filter>
    </ClInclude>
    <ClInclude Include="RenderMode.h">
      <Filter>Header Files</Filter>
    </ClInclude>
    <ClInclude Include="RenderingPipeline.h">
      <Filter>Header Files</Filter>
    </ClInclude>
    <ClInclude Include="Logging.h">
      <Filter>Header Files</Filter>
    </ClInclude>
    <ClInclude Include="InputHandler.h">
      <Filter>Header Files</Filter>
    </ClInclude>
    <ClInclude Include="BeginDirectx.h">
      <Filter>Header Files</Filter>
    </ClInclude>
    <ClInclude Include="Quaternion.h">
      <Filter>Header Files</Filter>
    </ClInclude>
    <ClInclude Include="Entity.h">
      <Filter>Header Files</Filter>
    </ClInclude>
    <ClInclude Include="RenderGroup.h">
      <Filter>Header Files</Filter>
    </ClInclude>
    <ClInclude Include="Model.h">
      <Filter>Header Files</Filter>
    </ClInclude>
    <ClInclude Include="ResourcePool.h">
      <Filter>Header Files</Filter>
    </ClInclude>
    <ClInclude Include="Texture.h">
      <Filter>Header Files</Filter>
    </ClInclude>
    <ClInclude Include="ShaderSettings.h">
      <Filter>Header Files</Filter>
    </ClInclude>
    <ClInclude Include="Shaders.h">
      <Filter>Header Files</Filter>
    </ClInclude>
    <ClInclude Include="ConstantBuffer.h">
      <Filter>Header Files</Filter>
    </ClInclude>
    <ClInclude Include="ModelSlice.h">
      <Filter>Header Files</Filter>
    </ClInclude>
    <ClInclude Include="ModelGenerator.h">
      <Filter>Header Files</Filter>
    </ClInclude>
    <ClInclude Include="AsyncEntityBuffer.h">
      <Filter>Header Files</Filter>
    </ClInclude>
    <ClInclude Include="EntityHandler.h">
      <Filter>Header Files</Filter>
    </ClInclude>
    <ClInclude Include="ObjLoader.h">
      <Filter>Header Files</Filter>
    </ClInclude>
    <ClInclude Include="TimeTracker.h">
      <Filter>Header Files</Filter>
    </ClInclude>
    <ClInclude Include="TextureView.h">
      <Filter>Header Files</Filter>
    </ClInclude>
    <ClInclude Include="EntityId.h">
      <Filter>Header Files</Filter>
    </ClInclude>
    <ClInclude Include="ModelMutation.h">
      <Filter>Header Files</Filter>
    </ClInclude>
    <ClInclude Include="ProcessingEffect.h">
      <Filter>Header Files</Filter>
    </ClInclude>
    <ClInclude Include="PipelineStageDesc.h">
      <Filter>Header Files</Filter>
    </ClInclude>
    <ClInclude Include="PipelineStage.h">
      <Filter>Header Files</Filter>
    </ClInclude>
    <ClInclude Include="TextureCopy.h">
      <Filter>Header Files</Filter>
    </ClInclude>
    <ClInclude Include="RenderEntities.h">
      <Filter>Header Files</Filter>
    </ClInclude>
    <ClInclude Include="PipelineTexturePlanner.h">
      <Filter>Header Files</Filter>
    </ClInclude>
    <ClInclude Include="stl.h">
      <Filter>Header Files</Filter>
    </ClInclude>
    <ClInclude Include="ConvolutionEffectDesc.h">
      <Filter>Header Files</Filter>
    </ClInclude>
    <ClInclude Include="gaussian.h">
      <Filter>Header Files</Filter>
    </ClInclude>
    <ClInclude Include="PipelineCamera.h">
      <Filter>Header Files</Filter>
    </ClInclude>
    <ClInclude Include="PipelineStageWithRenderMode.h">
      <Filter>Header Files</Filter>
    </ClInclude>
    <ClInclude Include="Headset.h">
      <Filter>Header Files</Filter>
    </ClInclude>
    <ClInclude Include="Pose.h">
      <Filter>Header Files</Filter>
    </ClInclude>
    <ClInclude Include="ResourceIdentifier.h">
      <Filter>Header Files</Filter>
    </ClInclude>
    <ClInclude Include="BlendDesc.h">
      <Filter>Header Files</Filter>
    </ClInclude>
    <ClInclude Include="Body.h">
      <Filter>Header Files</Filter>
    </ClInclude>
    <ClInclude Include="dx.h">
      <Filter>Header Files</Filter>
    </ClInclude>
    <ClInclude Include="ShaderStages.h">
      <Filter>Header Files</Filter>
    </ClInclude>
    <ClInclude Include="stdafx.h">
      <Filter>Header Files</Filter>
    </ClInclude>
    <ClInclude Include="TextureUsage.h">
      <Filter>Header Files</Filter>
    </ClInclude>
  </ItemGroup>
  <ItemGroup>
    <ClCompile Include="ViewState.cpp">
      <Filter>Source Files</Filter>
    </ClCompile>
    <ClCompile Include="Vertices.cpp">
      <Filter>Source Files</Filter>
    </ClCompile>
    <ClCompile Include="RenderMode.cpp">
      <Filter>Source Files</Filter>
    </ClCompile>
    <ClCompile Include="RenderingPipeline.cpp">
      <Filter>Source Files</Filter>
    </ClCompile>
    <ClCompile Include="Logging.cpp">
      <Filter>Source Files</Filter>
    </ClCompile>
    <ClCompile Include="InputHandler.cpp">
      <Filter>Source Files</Filter>
    </ClCompile>
    <ClCompile Include="BeginDirectx.cpp">
      <Filter>Source Files</Filter>
    </ClCompile>
    <ClCompile Include="Quaternion.cpp">
      <Filter>Source Files</Filter>
    </ClCompile>
    <ClCompile Include="Entity.cpp">
      <Filter>Source Files</Filter>
    </ClCompile>
    <ClCompile Include="RenderGroup.cpp">
      <Filter>Source Files</Filter>
    </ClCompile>
    <ClCompile Include="Model.cpp">
      <Filter>Source Files</Filter>
    </ClCompile>
    <ClCompile Include="ResourcePool.cpp">
      <Filter>Source Files</Filter>
    </ClCompile>
    <ClCompile Include="Texture.cpp">
      <Filter>Source Files</Filter>
    </ClCompile>
    <ClCompile Include="ShaderSettings.cpp">
      <Filter>Source Files</Filter>
    </ClCompile>
    <ClCompile Include="Shaders.cpp">
      <Filter>Source Files</Filter>
    </ClCompile>
    <ClCompile Include="ConstantBuffer.cpp">
      <Filter>Source Files</Filter>
    </ClCompile>
    <ClCompile Include="ModelGenerator.cpp">
      <Filter>Source Files</Filter>
    </ClCompile>
    <ClCompile Include="AsyncEntityBuffer.cpp">
      <Filter>Source Files</Filter>
    </ClCompile>
    <ClCompile Include="ModelSlice.cpp">
      <Filter>Source Files</Filter>
    </ClCompile>
    <ClCompile Include="EntityHandler.cpp">
      <Filter>Source Files</Filter>
    </ClCompile>
    <ClCompile Include="ObjLoader.cpp">
      <Filter>Source Files</Filter>
    </ClCompile>
    <ClCompile Include="TimeTracker.cpp">
      <Filter>Source Files</Filter>
    </ClCompile>
    <ClCompile Include="TextureView.cpp">
      <Filter>Source Files</Filter>
    </ClCompile>
    <ClCompile Include="EntityId.cpp">
      <Filter>Source Files</Filter>
    </ClCompile>
    <ClCompile Include="ModelMutation.cpp">
      <Filter>Source Files</Filter>
    </ClCompile>
    <ClCompile Include="ProcessingEffect.cpp">
      <Filter>Source Files</Filter>
    </ClCompile>
    <ClCompile Include="PipelineStageDesc.cpp">
      <Filter>Source Files</Filter>
    </ClCompile>
    <ClCompile Include="PipelineStage.cpp">
      <Filter>Source Files</Filter>
    </ClCompile>
    <ClCompile Include="TextureCopy.cpp">
      <Filter>Source Files</Filter>
    </ClCompile>
    <ClCompile Include="RenderEntities.cpp">
      <Filter>Source Files</Filter>
    </ClCompile>
    <ClCompile Include="PipelineTexturePlanner.cpp">
      <Filter>Source Files</Filter>
    </ClCompile>
    <ClCompile Include="ConvolutionEffectDesc.cpp">
      <Filter>Source Files</Filter>
    </ClCompile>
    <ClCompile Include="gaussian.cpp">
      <Filter>Source Files</Filter>
    </ClCompile>
    <ClCompile Include="PipelineCamera.cpp">
      <Filter>Source Files</Filter>
    </ClCompile>
    <ClCompile Include="PipelineStageWithRenderMode.cpp">
      <Filter>Source Files</Filter>
    </ClCompile>
    <ClCompile Include="Headset.cpp">
      <Filter>Source Files</Filter>
    </ClCompile>
    <ClCompile Include="ResourceIdentifier.cpp">
      <Filter>Source Files</Filter>
    </ClCompile>
    <ClCompile Include="BlendDesc.cpp">
      <Filter>Source Files</Filter>
    </ClCompile>
    <ClCompile Include="Body.cpp">
      <Filter>Source Files</Filter>
    </ClCompile>
    <ClCompile Include="ShaderStages.cpp">
      <Filter>Source Files</Filter>
    </ClCompile>
  </ItemGroup>
</Project>